
Microsoft Visual Studio Solution File, Format Version 12.00
# Visual Studio Version 17
VisualStudioVersion = 17.9.34728.123
MinimumVisualStudioVersion = 10.0.40219.1
Project("{FAE04EC0-301F-11D3-BF4B-00C04F79EFBC}") = "tp1", "tp1\tp1.csproj", "{34818FF7-A5DE-4526-BB12-1F8FE9194D68}"
EndProject
Global
	GlobalSection(SolutionConfigurationPlatforms) = preSolution
		Debug|Any CPU = Debug|Any CPU
		Release|Any CPU = Release|Any CPU
	EndGlobalSection
	GlobalSection(ProjectConfigurationPlatforms) = postSolution
		{34818FF7-A5DE-4526-BB12-1F8FE9194D68}.Debug|Any CPU.ActiveCfg = Debug|Any CPU
		{34818FF7-A5DE-4526-BB12-1F8FE9194D68}.Debug|Any CPU.Build.0 = Debug|Any CPU
		{34818FF7-A5DE-4526-BB12-1F8FE9194D68}.Release|Any CPU.ActiveCfg = Release|Any CPU
		{34818FF7-A5DE-4526-BB12-1F8FE9194D68}.Release|Any CPU.Build.0 = Release|Any CPU
	EndGlobalSection
	GlobalSection(SolutionProperties) = preSolution
		HideSolutionNode = FALSE
	EndGlobalSection
	GlobalSection(ExtensibilityGlobals) = postSolution
		SolutionGuid = {D20552D8-DBB0-4CF6-AC53-99373B86C95C}
	EndGlobalSection
EndGlobal
